// !$*UTF8*$!
{
	archiveVersion = 1;
	classes = {
	};
	objectVersion = 56;
	objects = {

/* Begin PBXBuildFile section */
		D1C1983B2BCB106700FDC008 /* hakaton_toxic_aiApp.swift in Sources */ = {isa = PBXBuildFile; fileRef = D1C1983A2BCB106700FDC008 /* hakaton_toxic_aiApp.swift */; };
		D1C1983D2BCB106700FDC008 /* MainAppView.swift in Sources */ = {isa = PBXBuildFile; fileRef = D1C1983C2BCB106700FDC008 /* MainAppView.swift */; };
		D1C1983F2BCB106900FDC008 /* Assets.xcassets in Resources */ = {isa = PBXBuildFile; fileRef = D1C1983E2BCB106900FDC008 /* Assets.xcassets */; };
		D1C198422BCB106900FDC008 /* Preview Assets.xcassets in Resources */ = {isa = PBXBuildFile; fileRef = D1C198412BCB106900FDC008 /* Preview Assets.xcassets */; };
		D1C1984C2BCB106900FDC008 /* hakaton_toxic_aiTests.swift in Sources */ = {isa = PBXBuildFile; fileRef = D1C1984B2BCB106900FDC008 /* hakaton_toxic_aiTests.swift */; };
		D1C198562BCB106900FDC008 /* hakaton_toxic_aiUITests.swift in Sources */ = {isa = PBXBuildFile; fileRef = D1C198552BCB106900FDC008 /* hakaton_toxic_aiUITests.swift */; };
		D1C198582BCB106900FDC008 /* hakaton_toxic_aiUITestsLaunchTests.swift in Sources */ = {isa = PBXBuildFile; fileRef = D1C198572BCB106900FDC008 /* hakaton_toxic_aiUITestsLaunchTests.swift */; };
/* End PBXBuildFile section */

/* Begin PBXContainerItemProxy section */
		D1C198482BCB106900FDC008 /* PBXContainerItemProxy */ = {
			isa = PBXContainerItemProxy;
			containerPortal = D1C1982F2BCB106700FDC008 /* Project object */;
			proxyType = 1;
			remoteGlobalIDString = D1C198362BCB106700FDC008;
			remoteInfo = hakaton_toxic_ai;
		};
		D1C198522BCB106900FDC008 /* PBXContainerItemProxy */ = {
			isa = PBXContainerItemProxy;
			containerPortal = D1C1982F2BCB106700FDC008 /* Project object */;
			proxyType = 1;
			remoteGlobalIDString = D1C198362BCB106700FDC008;
			remoteInfo = hakaton_toxic_ai;
		};
/* End PBXContainerItemProxy section */

/* Begin PBXFileReference section */
		D1C198372BCB106700FDC008 /* hackaton_toxic_ai.app */ = {isa = PBXFileReference; explicitFileType = wrapper.application; includeInIndex = 0; path = hackaton_toxic_ai.app; sourceTree = BUILT_PRODUCTS_DIR; };
		D1C1983A2BCB106700FDC008 /* hakaton_toxic_aiApp.swift */ = {isa = PBXFileReference; lastKnownFileType = sourcecode.swift; path = hakaton_toxic_aiApp.swift; sourceTree = "<group>"; };
		D1C1983C2BCB106700FDC008 /* MainAppView.swift */ = {isa = PBXFileReference; lastKnownFileType = sourcecode.swift; path = MainAppView.swift; sourceTree = "<group>"; };
		D1C1983E2BCB106900FDC008 /* Assets.xcassets */ = {isa = PBXFileReference; lastKnownFileType = folder.assetcatalog; path = Assets.xcassets; sourceTree = "<group>"; };
		D1C198412BCB106900FDC008 /* Preview Assets.xcassets */ = {isa = PBXFileReference; lastKnownFileType = folder.assetcatalog; path = "Preview Assets.xcassets"; sourceTree = "<group>"; };
		D1C198472BCB106900FDC008 /* hackaton_toxic_aiTests.xctest */ = {isa = PBXFileReference; explicitFileType = wrapper.cfbundle; includeInIndex = 0; path = hackaton_toxic_aiTests.xctest; sourceTree = BUILT_PRODUCTS_DIR; };
		D1C1984B2BCB106900FDC008 /* hakaton_toxic_aiTests.swift */ = {isa = PBXFileReference; lastKnownFileType = sourcecode.swift; path = hakaton_toxic_aiTests.swift; sourceTree = "<group>"; };
		D1C198512BCB106900FDC008 /* hackaton_toxic_aiUITests.xctest */ = {isa = PBXFileReference; explicitFileType = wrapper.cfbundle; includeInIndex = 0; path = hackaton_toxic_aiUITests.xctest; sourceTree = BUILT_PRODUCTS_DIR; };
		D1C198552BCB106900FDC008 /* hakaton_toxic_aiUITests.swift */ = {isa = PBXFileReference; lastKnownFileType = sourcecode.swift; path = hakaton_toxic_aiUITests.swift; sourceTree = "<group>"; };
		D1C198572BCB106900FDC008 /* hakaton_toxic_aiUITestsLaunchTests.swift */ = {isa = PBXFileReference; lastKnownFileType = sourcecode.swift; path = hakaton_toxic_aiUITestsLaunchTests.swift; sourceTree = "<group>"; };
/* End PBXFileReference section */

/* Begin PBXFrameworksBuildPhase section */
		D1C198342BCB106700FDC008 /* Frameworks */ = {
			isa = PBXFrameworksBuildPhase;
			buildActionMask = 2147483647;
			files = (
			);
			runOnlyForDeploymentPostprocessing = 0;
		};
		D1C198442BCB106900FDC008 /* Frameworks */ = {
			isa = PBXFrameworksBuildPhase;
			buildActionMask = 2147483647;
			files = (
			);
			runOnlyForDeploymentPostprocessing = 0;
		};
		D1C1984E2BCB106900FDC008 /* Frameworks */ = {
			isa = PBXFrameworksBuildPhase;
			buildActionMask = 2147483647;
			files = (
			);
			runOnlyForDeploymentPostprocessing = 0;
		};
/* End PBXFrameworksBuildPhase section */

/* Begin PBXGroup section */
		D1C1982E2BCB106700FDC008 = {
			isa = PBXGroup;
			children = (
				D1C198392BCB106700FDC008 /* hakaton_toxic_ai */,
				D1C1984A2BCB106900FDC008 /* hakaton_toxic_aiTests */,
				D1C198542BCB106900FDC008 /* hakaton_toxic_aiUITests */,
				D1C198382BCB106700FDC008 /* Products */,
			);
			sourceTree = "<group>";
		};
		D1C198382BCB106700FDC008 /* Products */ = {
			isa = PBXGroup;
			children = (
				D1C198372BCB106700FDC008 /* hackaton_toxic_ai.app */,
				D1C198472BCB106900FDC008 /* hackaton_toxic_aiTests.xctest */,
				D1C198512BCB106900FDC008 /* hackaton_toxic_aiUITests.xctest */,
			);
			name = Products;
			sourceTree = "<group>";
		};
		D1C198392BCB106700FDC008 /* hakaton_toxic_ai */ = {
			isa = PBXGroup;
			children = (
				D1C1983A2BCB106700FDC008 /* hakaton_toxic_aiApp.swift */,
				D1C1983C2BCB106700FDC008 /* MainAppView.swift */,
				D1C1983E2BCB106900FDC008 /* Assets.xcassets */,
				D1C198402BCB106900FDC008 /* Preview Content */,
			);
			path = hakaton_toxic_ai;
			sourceTree = "<group>";
		};
		D1C198402BCB106900FDC008 /* Preview Content */ = {
			isa = PBXGroup;
			children = (
				D1C198412BCB106900FDC008 /* Preview Assets.xcassets */,
			);
			path = "Preview Content";
			sourceTree = "<group>";
		};
		D1C1984A2BCB106900FDC008 /* hakaton_toxic_aiTests */ = {
			isa = PBXGroup;
			children = (
				D1C1984B2BCB106900FDC008 /* hakaton_toxic_aiTests.swift */,
			);
			path = hakaton_toxic_aiTests;
			sourceTree = "<group>";
		};
		D1C198542BCB106900FDC008 /* hakaton_toxic_aiUITests */ = {
			isa = PBXGroup;
			children = (
				D1C198552BCB106900FDC008 /* hakaton_toxic_aiUITests.swift */,
				D1C198572BCB106900FDC008 /* hakaton_toxic_aiUITestsLaunchTests.swift */,
			);
			path = hakaton_toxic_aiUITests;
			sourceTree = "<group>";
		};
/* End PBXGroup section */

/* Begin PBXNativeTarget section */
		D1C198362BCB106700FDC008 /* hackaton_toxic_ai */ = {
			isa = PBXNativeTarget;
			buildConfigurationList = D1C1985B2BCB106900FDC008 /* Build configuration list for PBXNativeTarget "hackaton_toxic_ai" */;
			buildPhases = (
				D1C198332BCB106700FDC008 /* Sources */,
				D1C198342BCB106700FDC008 /* Frameworks */,
				D1C198352BCB106700FDC008 /* Resources */,
			);
			buildRules = (
			);
			dependencies = (
			);
			name = hackaton_toxic_ai;
			productName = hakaton_toxic_ai;
			productReference = D1C198372BCB106700FDC008 /* hackaton_toxic_ai.app */;
			productType = "com.apple.product-type.application";
		};
		D1C198462BCB106900FDC008 /* hackaton_toxic_aiTests */ = {
			isa = PBXNativeTarget;
			buildConfigurationList = D1C1985E2BCB106900FDC008 /* Build configuration list for PBXNativeTarget "hackaton_toxic_aiTests" */;
			buildPhases = (
				D1C198432BCB106900FDC008 /* Sources */,
				D1C198442BCB106900FDC008 /* Frameworks */,
				D1C198452BCB106900FDC008 /* Resources */,
			);
			buildRules = (
			);
			dependencies = (
				D1C198492BCB106900FDC008 /* PBXTargetDependency */,
			);
			name = hackaton_toxic_aiTests;
			productName = hakaton_toxic_aiTests;
			productReference = D1C198472BCB106900FDC008 /* hackaton_toxic_aiTests.xctest */;
			productType = "com.apple.product-type.bundle.unit-test";
		};
		D1C198502BCB106900FDC008 /* hackaton_toxic_aiUITests */ = {
			isa = PBXNativeTarget;
			buildConfigurationList = D1C198612BCB106900FDC008 /* Build configuration list for PBXNativeTarget "hackaton_toxic_aiUITests" */;
			buildPhases = (
				D1C1984D2BCB106900FDC008 /* Sources */,
				D1C1984E2BCB106900FDC008 /* Frameworks */,
				D1C1984F2BCB106900FDC008 /* Resources */,
			);
			buildRules = (
			);
			dependencies = (
				D1C198532BCB106900FDC008 /* PBXTargetDependency */,
			);
			name = hackaton_toxic_aiUITests;
			productName = hakaton_toxic_aiUITests;
			productReference = D1C198512BCB106900FDC008 /* hackaton_toxic_aiUITests.xctest */;
			productType = "com.apple.product-type.bundle.ui-testing";
		};
/* End PBXNativeTarget section */

/* Begin PBXProject section */
		D1C1982F2BCB106700FDC008 /* Project object */ = {
			isa = PBXProject;
			attributes = {
				BuildIndependentTargetsInParallel = 1;
				LastSwiftUpdateCheck = 1530;
				LastUpgradeCheck = 1530;
				TargetAttributes = {
					D1C198362BCB106700FDC008 = {
						CreatedOnToolsVersion = 15.3;
					};
					D1C198462BCB106900FDC008 = {
						CreatedOnToolsVersion = 15.3;
						TestTargetID = D1C198362BCB106700FDC008;
					};
					D1C198502BCB106900FDC008 = {
						CreatedOnToolsVersion = 15.3;
						TestTargetID = D1C198362BCB106700FDC008;
					};
				};
			};
			buildConfigurationList = D1C198322BCB106700FDC008 /* Build configuration list for PBXProject "hackaton_toxic_ai" */;
			compatibilityVersion = "Xcode 14.0";
			developmentRegion = en;
			hasScannedForEncodings = 0;
			knownRegions = (
				en,
				Base,
			);
			mainGroup = D1C1982E2BCB106700FDC008;
			productRefGroup = D1C198382BCB106700FDC008 /* Products */;
			projectDirPath = "";
			projectRoot = "";
			targets = (
				D1C198362BCB106700FDC008 /* hackaton_toxic_ai */,
				D1C198462BCB106900FDC008 /* hackaton_toxic_aiTests */,
				D1C198502BCB106900FDC008 /* hackaton_toxic_aiUITests */,
			);
		};
/* End PBXProject section */

/* Begin PBXResourcesBuildPhase section */
		D1C198352BCB106700FDC008 /* Resources */ = {
			isa = PBXResourcesBuildPhase;
			buildActionMask = 2147483647;
			files = (
				D1C198422BCB106900FDC008 /* Preview Assets.xcassets in Resources */,
				D1C1983F2BCB106900FDC008 /* Assets.xcassets in Resources */,
			);
			runOnlyForDeploymentPostprocessing = 0;
		};
		D1C198452BCB106900FDC008 /* Resources */ = {
			isa = PBXResourcesBuildPhase;
			buildActionMask = 2147483647;
			files = (
			);
			runOnlyForDeploymentPostprocessing = 0;
		};
		D1C1984F2BCB106900FDC008 /* Resources */ = {
			isa = PBXResourcesBuildPhase;
			buildActionMask = 2147483647;
			files = (
			);
			runOnlyForDeploymentPostprocessing = 0;
		};
/* End PBXResourcesBuildPhase section */

/* Begin PBXSourcesBuildPhase section */
		D1C198332BCB106700FDC008 /* Sources */ = {
			isa = PBXSourcesBuildPhase;
			buildActionMask = 2147483647;
			files = (
				D1C1983D2BCB106700FDC008 /* MainAppView.swift in Sources */,
				D1C1983B2BCB106700FDC008 /* hakaton_toxic_aiApp.swift in Sources */,
			);
			runOnlyForDeploymentPostprocessing = 0;
		};
		D1C198432BCB106900FDC008 /* Sources */ = {
			isa = PBXSourcesBuildPhase;
			buildActionMask = 2147483647;
			files = (
				D1C1984C2BCB106900FDC008 /* hakaton_toxic_aiTests.swift in Sources */,
			);
			runOnlyForDeploymentPostprocessing = 0;
		};
		D1C1984D2BCB106900FDC008 /* Sources */ = {
			isa = PBXSourcesBuildPhase;
			buildActionMask = 2147483647;
			files = (
				D1C198562BCB106900FDC008 /* hakaton_toxic_aiUITests.swift in Sources */,
				D1C198582BCB106900FDC008 /* hakaton_toxic_aiUITestsLaunchTests.swift in Sources */,
			);
			runOnlyForDeploymentPostprocessing = 0;
		};
/* End PBXSourcesBuildPhase section */

/* Begin PBXTargetDependency section */
		D1C198492BCB106900FDC008 /* PBXTargetDependency */ = {
			isa = PBXTargetDependency;
			target = D1C198362BCB106700FDC008 /* hackaton_toxic_ai */;
			targetProxy = D1C198482BCB106900FDC008 /* PBXContainerItemProxy */;
		};
		D1C198532BCB106900FDC008 /* PBXTargetDependency */ = {
			isa = PBXTargetDependency;
			target = D1C198362BCB106700FDC008 /* hackaton_toxic_ai */;
			targetProxy = D1C198522BCB106900FDC008 /* PBXContainerItemProxy */;
		};
/* End PBXTargetDependency section */

/* Begin XCBuildConfiguration section */
		D1C198592BCB106900FDC008 /* Debug */ = {
			isa = XCBuildConfiguration;
			buildSettings = {
				ALWAYS_SEARCH_USER_PATHS = NO;
				ASSETCATALOG_COMPILER_GENERATE_SWIFT_ASSET_SYMBOL_EXTENSIONS = YES;
				CLANG_ANALYZER_NONNULL = YES;
				CLANG_ANALYZER_NUMBER_OBJECT_CONVERSION = YES_AGGRESSIVE;
				CLANG_CXX_LANGUAGE_STANDARD = "gnu++20";
				CLANG_ENABLE_MODULES = YES;
				CLANG_ENABLE_OBJC_ARC = YES;
				CLANG_ENABLE_OBJC_WEAK = YES;
				CLANG_WARN_BLOCK_CAPTURE_AUTORELEASING = YES;
				CLANG_WARN_BOOL_CONVERSION = YES;
				CLANG_WARN_COMMA = YES;
				CLANG_WARN_CONSTANT_CONVERSION = YES;
				CLANG_WARN_DEPRECATED_OBJC_IMPLEMENTATIONS = YES;
				CLANG_WARN_DIRECT_OBJC_ISA_USAGE = YES_ERROR;
				CLANG_WARN_DOCUMENTATION_COMMENTS = YES;
				CLANG_WARN_EMPTY_BODY = YES;
				CLANG_WARN_ENUM_CONVERSION = YES;
				CLANG_WARN_INFINITE_RECURSION = YES;
				CLANG_WARN_INT_CONVERSION = YES;
				CLANG_WARN_NON_LITERAL_NULL_CONVERSION = YES;
				CLANG_WARN_OBJC_IMPLICIT_RETAIN_SELF = YES;
				CLANG_WARN_OBJC_LITERAL_CONVERSION = YES;
				CLANG_WARN_OBJC_ROOT_CLASS = YES_ERROR;
				CLANG_WARN_QUOTED_INCLUDE_IN_FRAMEWORK_HEADER = YES;
				CLANG_WARN_RANGE_LOOP_ANALYSIS = YES;
				CLANG_WARN_STRICT_PROTOTYPES = YES;
				CLANG_WARN_SUSPICIOUS_MOVE = YES;
				CLANG_WARN_UNGUARDED_AVAILABILITY = YES_AGGRESSIVE;
				CLANG_WARN_UNREACHABLE_CODE = YES;
				CLANG_WARN__DUPLICATE_METHOD_MATCH = YES;
				COPY_PHASE_STRIP = NO;
				DEBUG_INFORMATION_FORMAT = dwarf;
				ENABLE_STRICT_OBJC_MSGSEND = YES;
				ENABLE_TESTABILITY = YES;
				ENABLE_USER_SCRIPT_SANDBOXING = YES;
				GCC_C_LANGUAGE_STANDARD = gnu17;
				GCC_DYNAMIC_NO_PIC = NO;
				GCC_NO_COMMON_BLOCKS = YES;
				GCC_OPTIMIZATION_LEVEL = 0;
				GCC_PREPROCESSOR_DEFINITIONS = (
					"DEBUG=1",
					"$(inherited)",
				);
				GCC_WARN_64_TO_32_BIT_CONVERSION = YES;
				GCC_WARN_ABOUT_RETURN_TYPE = YES_ERROR;
				GCC_WARN_UNDECLARED_SELECTOR = YES;
				GCC_WARN_UNINITIALIZED_AUTOS = YES_AGGRESSIVE;
				GCC_WARN_UNUSED_FUNCTION = YES;
				GCC_WARN_UNUSED_VARIABLE = YES;
				IPHONEOS_DEPLOYMENT_TARGET = 17.4;
				LOCALIZATION_PREFERS_STRING_CATALOGS = YES;
				MTL_ENABLE_DEBUG_INFO = INCLUDE_SOURCE;
				MTL_FAST_MATH = YES;
				ONLY_ACTIVE_ARCH = YES;
				SDKROOT = iphoneos;
				SWIFT_ACTIVE_COMPILATION_CONDITIONS = "DEBUG $(inherited)";
				SWIFT_OPTIMIZATION_LEVEL = "-Onone";
			};
			name = Debug;
		};
		D1C1985A2BCB106900FDC008 /* Release */ = {
			isa = XCBuildConfiguration;
			buildSettings = {
				ALWAYS_SEARCH_USER_PATHS = NO;
				ASSETCATALOG_COMPILER_GENERATE_SWIFT_ASSET_SYMBOL_EXTENSIONS = YES;
				CLANG_ANALYZER_NONNULL = YES;
				CLANG_ANALYZER_NUMBER_OBJECT_CONVERSION = YES_AGGRESSIVE;
				CLANG_CXX_LANGUAGE_STANDARD = "gnu++20";
				CLANG_ENABLE_MODULES = YES;
				CLANG_ENABLE_OBJC_ARC = YES;
				CLANG_ENABLE_OBJC_WEAK = YES;
				CLANG_WARN_BLOCK_CAPTURE_AUTORELEASING = YES;
				CLANG_WARN_BOOL_CONVERSION = YES;
				CLANG_WARN_COMMA = YES;
				CLANG_WARN_CONSTANT_CONVERSION = YES;
				CLANG_WARN_DEPRECATED_OBJC_IMPLEMENTATIONS = YES;
				CLANG_WARN_DIRECT_OBJC_ISA_USAGE = YES_ERROR;
				CLANG_WARN_DOCUMENTATION_COMMENTS = YES;
				CLANG_WARN_EMPTY_BODY = YES;
				CLANG_WARN_ENUM_CONVERSION = YES;
				CLANG_WARN_INFINITE_RECURSION = YES;
				CLANG_WARN_INT_CONVERSION = YES;
				CLANG_WARN_NON_LITERAL_NULL_CONVERSION = YES;
				CLANG_WARN_OBJC_IMPLICIT_RETAIN_SELF = YES;
				CLANG_WARN_OBJC_LITERAL_CONVERSION = YES;
				CLANG_WARN_OBJC_ROOT_CLASS = YES_ERROR;
				CLANG_WARN_QUOTED_INCLUDE_IN_FRAMEWORK_HEADER = YES;
				CLANG_WARN_RANGE_LOOP_ANALYSIS = YES;
				CLANG_WARN_STRICT_PROTOTYPES = YES;
				CLANG_WARN_SUSPICIOUS_MOVE = YES;
				CLANG_WARN_UNGUARDED_AVAILABILITY = YES_AGGRESSIVE;
				CLANG_WARN_UNREACHABLE_CODE = YES;
				CLANG_WARN__DUPLICATE_METHOD_MATCH = YES;
				COPY_PHASE_STRIP = NO;
				DEBUG_INFORMATION_FORMAT = "dwarf-with-dsym";
				ENABLE_NS_ASSERTIONS = NO;
				ENABLE_STRICT_OBJC_MSGSEND = YES;
				ENABLE_USER_SCRIPT_SANDBOXING = YES;
				GCC_C_LANGUAGE_STANDARD = gnu17;
				GCC_NO_COMMON_BLOCKS = YES;
				GCC_WARN_64_TO_32_BIT_CONVERSION = YES;
				GCC_WARN_ABOUT_RETURN_TYPE = YES_ERROR;
				GCC_WARN_UNDECLARED_SELECTOR = YES;
				GCC_WARN_UNINITIALIZED_AUTOS = YES_AGGRESSIVE;
				GCC_WARN_UNUSED_FUNCTION = YES;
				GCC_WARN_UNUSED_VARIABLE = YES;
				IPHONEOS_DEPLOYMENT_TARGET = 17.4;
				LOCALIZATION_PREFERS_STRING_CATALOGS = YES;
				MTL_ENABLE_DEBUG_INFO = NO;
				MTL_FAST_MATH = YES;
				SDKROOT = iphoneos;
				SWIFT_COMPILATION_MODE = wholemodule;
				VALIDATE_PRODUCT = YES;
			};
			name = Release;
		};
		D1C1985C2BCB106900FDC008 /* Debug */ = {
			isa = XCBuildConfiguration;
			buildSettings = {
				ASSETCATALOG_COMPILER_APPICON_NAME = AppIcon;
				ASSETCATALOG_COMPILER_GLOBAL_ACCENT_COLOR_NAME = AccentColor;
				CODE_SIGN_STYLE = Automatic;
				CURRENT_PROJECT_VERSION = 1;
				DEVELOPMENT_ASSET_PATHS = "\"hakaton_toxic_ai/Preview Content\"";
				ENABLE_PREVIEWS = YES;
				GENERATE_INFOPLIST_FILE = YES;
				INFOPLIST_KEY_UIApplicationSceneManifest_Generation = YES;
				INFOPLIST_KEY_UIApplicationSupportsIndirectInputEvents = YES;
				INFOPLIST_KEY_UILaunchScreen_Generation = YES;
				INFOPLIST_KEY_UISupportedInterfaceOrientations_iPad = "UIInterfaceOrientationPortrait UIInterfaceOrientationPortraitUpsideDown UIInterfaceOrientationLandscapeLeft UIInterfaceOrientationLandscapeRight";
				INFOPLIST_KEY_UISupportedInterfaceOrientations_iPhone = "UIInterfaceOrientationPortrait UIInterfaceOrientationLandscapeLeft UIInterfaceOrientationLandscapeRight";
				LD_RUNPATH_SEARCH_PATHS = (
					"$(inherited)",
					"@executable_path/Frameworks",
				);
				MARKETING_VERSION = 1.0;
				PRODUCT_BUNDLE_IDENTIFIER = "ru.mitemy.hakaton-toxic-ai";
				PRODUCT_NAME = "$(TARGET_NAME)";
				SWIFT_EMIT_LOC_STRINGS = YES;
				SWIFT_VERSION = 5.0;
				TARGETED_DEVICE_FAMILY = "1,2";
			};
			name = Debug;
		};
		D1C1985D2BCB106900FDC008 /* Release */ = {
			isa = XCBuildConfiguration;
			buildSettings = {
				ASSETCATALOG_COMPILER_APPICON_NAME = AppIcon;
				ASSETCATALOG_COMPILER_GLOBAL_ACCENT_COLOR_NAME = AccentColor;
				CODE_SIGN_STYLE = Automatic;
				CURRENT_PROJECT_VERSION = 1;
				DEVELOPMENT_ASSET_PATHS = "\"hakaton_toxic_ai/Preview Content\"";
				ENABLE_PREVIEWS = YES;
				GENERATE_INFOPLIST_FILE = YES;
				INFOPLIST_KEY_UIApplicationSceneManifest_Generation = YES;
				INFOPLIST_KEY_UIApplicationSupportsIndirectInputEvents = YES;
				INFOPLIST_KEY_UILaunchScreen_Generation = YES;
				INFOPLIST_KEY_UISupportedInterfaceOrientations_iPad = "UIInterfaceOrientationPortrait UIInterfaceOrientationPortraitUpsideDown UIInterfaceOrientationLandscapeLeft UIInterfaceOrientationLandscapeRight";
				INFOPLIST_KEY_UISupportedInterfaceOrientations_iPhone = "UIInterfaceOrientationPortrait UIInterfaceOrientationLandscapeLeft UIInterfaceOrientationLandscapeRight";
				LD_RUNPATH_SEARCH_PATHS = (
					"$(inherited)",
					"@executable_path/Frameworks",
				);
				MARKETING_VERSION = 1.0;
				PRODUCT_BUNDLE_IDENTIFIER = "ru.mitemy.hakaton-toxic-ai";
				PRODUCT_NAME = "$(TARGET_NAME)";
				SWIFT_EMIT_LOC_STRINGS = YES;
				SWIFT_VERSION = 5.0;
				TARGETED_DEVICE_FAMILY = "1,2";
			};
			name = Release;
		};
		D1C1985F2BCB106900FDC008 /* Debug */ = {
			isa = XCBuildConfiguration;
			buildSettings = {
				ALWAYS_EMBED_SWIFT_STANDARD_LIBRARIES = YES;
				BUNDLE_LOADER = "$(TEST_HOST)";
				CODE_SIGN_STYLE = Automatic;
				CURRENT_PROJECT_VERSION = 1;
				GENERATE_INFOPLIST_FILE = YES;
				IPHONEOS_DEPLOYMENT_TARGET = 17.4;
				MARKETING_VERSION = 1.0;
				PRODUCT_BUNDLE_IDENTIFIER = "ru.mitemy.hakaton-toxic-aiTests";
				PRODUCT_NAME = "$(TARGET_NAME)";
				SWIFT_EMIT_LOC_STRINGS = NO;
				SWIFT_VERSION = 5.0;
				TARGETED_DEVICE_FAMILY = "1,2";
				TEST_HOST = "$(BUILT_PRODUCTS_DIR)/hackaton_toxic_ai.app/$(BUNDLE_EXECUTABLE_FOLDER_PATH)/hackaton_toxic_ai";
			};
			name = Debug;
		};
		D1C198602BCB106900FDC008 /* Release */ = {
			isa = XCBuildConfiguration;
			buildSettings = {
				ALWAYS_EMBED_SWIFT_STANDARD_LIBRARIES = YES;
				BUNDLE_LOADER = "$(TEST_HOST)";
				CODE_SIGN_STYLE = Automatic;
				CURRENT_PROJECT_VERSION = 1;
				GENERATE_INFOPLIST_FILE = YES;
				IPHONEOS_DEPLOYMENT_TARGET = 17.4;
				MARKETING_VERSION = 1.0;
				PRODUCT_BUNDLE_IDENTIFIER = "ru.mitemy.hakaton-toxic-aiTests";
				PRODUCT_NAME = "$(TARGET_NAME)";
				SWIFT_EMIT_LOC_STRINGS = NO;
				SWIFT_VERSION = 5.0;
				TARGETED_DEVICE_FAMILY = "1,2";
				TEST_HOST = "$(BUILT_PRODUCTS_DIR)/hackaton_toxic_ai.app/$(BUNDLE_EXECUTABLE_FOLDER_PATH)/hackaton_toxic_ai";
			};
			name = Release;
		};
		D1C198622BCB106900FDC008 /* Debug */ = {
			isa = XCBuildConfiguration;
			buildSettings = {
				ALWAYS_EMBED_SWIFT_STANDARD_LIBRARIES = YES;
				CODE_SIGN_STYLE = Automatic;
				CURRENT_PROJECT_VERSION = 1;
				GENERATE_INFOPLIST_FILE = YES;
				MARKETING_VERSION = 1.0;
				PRODUCT_BUNDLE_IDENTIFIER = "ru.mitemy.hakaton-toxic-aiUITests";
				PRODUCT_NAME = "$(TARGET_NAME)";
				SWIFT_EMIT_LOC_STRINGS = NO;
				SWIFT_VERSION = 5.0;
				TARGETED_DEVICE_FAMILY = "1,2";
				TEST_TARGET_NAME = hakaton_toxic_ai;
			};
			name = Debug;
		};
		D1C198632BCB106900FDC008 /* Release */ = {
			isa = XCBuildConfiguration;
			buildSettings = {
				ALWAYS_EMBED_SWIFT_STANDARD_LIBRARIES = YES;
				CODE_SIGN_STYLE = Automatic;
				CURRENT_PROJECT_VERSION = 1;
				GENERATE_INFOPLIST_FILE = YES;
				MARKETING_VERSION = 1.0;
				PRODUCT_BUNDLE_IDENTIFIER = "ru.mitemy.hakaton-toxic-aiUITests";
				PRODUCT_NAME = "$(TARGET_NAME)";
				SWIFT_EMIT_LOC_STRINGS = NO;
				SWIFT_VERSION = 5.0;
				TARGETED_DEVICE_FAMILY = "1,2";
				TEST_TARGET_NAME = hakaton_toxic_ai;
			};
			name = Release;
		};
/* End XCBuildConfiguration section */

/* Begin XCConfigurationList section */
		D1C198322BCB106700FDC008 /* Build configuration list for PBXProject "hackaton_toxic_ai" */ = {
			isa = XCConfigurationList;
			buildConfigurations = (
				D1C198592BCB106900FDC008 /* Debug */,
				D1C1985A2BCB106900FDC008 /* Release */,
			);
			defaultConfigurationIsVisible = 0;
			defaultConfigurationName = Release;
		};
		D1C1985B2BCB106900FDC008 /* Build configuration list for PBXNativeTarget "hackaton_toxic_ai" */ = {
			isa = XCConfigurationList;
			buildConfigurations = (
				D1C1985C2BCB106900FDC008 /* Debug */,
				D1C1985D2BCB106900FDC008 /* Release */,
			);
			defaultConfigurationIsVisible = 0;
			defaultConfigurationName = Release;
		};
		D1C1985E2BCB106900FDC008 /* Build configuration list for PBXNativeTarget "hackaton_toxic_aiTests" */ = {
			isa = XCConfigurationList;
			buildConfigurations = (
				D1C1985F2BCB106900FDC008 /* Debug */,
				D1C198602BCB106900FDC008 /* Release */,
			);
			defaultConfigurationIsVisible = 0;
			defaultConfigurationName = Release;
		};
		D1C198612BCB106900FDC008 /* Build configuration list for PBXNativeTarget "hackaton_toxic_aiUITests" */ = {
			isa = XCConfigurationList;
			buildConfigurations = (
				D1C198622BCB106900FDC008 /* Debug */,
				D1C198632BCB106900FDC008 /* Release */,
			);
			defaultConfigurationIsVisible = 0;
			defaultConfigurationName = Release;
		};
/* End XCConfigurationList section */
	};
	rootObject = D1C1982F2BCB106700FDC008 /* Project object */;
}
